
Microsoft Visual Studio Solution File, Format Version 12.00
# Visual Studio Version 16
VisualStudioVersion = 16.0.31402.337
MinimumVisualStudioVersion = 10.0.40219.1
Project("{FAE04EC0-301F-11D3-BF4B-00C04F79EFBC}") = "TestProject1", "TestProject1\TestProject1.csproj", "{082B83BA-D12C-4493-A078-8923CD4D07B7}"
EndProject
Global
	GlobalSection(SolutionConfigurationPlatforms) = preSolution
		Debug|Any CPU = Debug|Any CPU
		Release|Any CPU = Release|Any CPU
	EndGlobalSection
	GlobalSection(ProjectConfigurationPlatforms) = postSolution
		{082B83BA-D12C-4493-A078-8923CD4D07B7}.Debug|Any CPU.ActiveCfg = Debug|Any CPU
		{082B83BA-D12C-4493-A078-8923CD4D07B7}.Debug|Any CPU.Build.0 = Debug|Any CPU
		{082B83BA-D12C-4493-A078-8923CD4D07B7}.Release|Any CPU.ActiveCfg = Release|Any CPU
		{082B83BA-D12C-4493-A078-8923CD4D07B7}.Release|Any CPU.Build.0 = Release|Any CPU
	EndGlobalSection
	GlobalSection(SolutionProperties) = preSolution
		HideSolutionNode = FALSE
	EndGlobalSection
	GlobalSection(ExtensibilityGlobals) = postSolution
		SolutionGuid = {ADC360C0-1582-468F-82B9-99ED4D4711DC}
	EndGlobalSection
EndGlobal
