
Microsoft Visual Studio Solution File, Format Version 12.00
# Visual Studio Version 16
VisualStudioVersion = 16.0.31402.337
MinimumVisualStudioVersion = 10.0.40219.1
Project("{FAE04EC0-301F-11D3-BF4B-00C04F79EFBC}") = "WebApplication3", "WebApplication3\WebApplication3.csproj", "{793B8035-D921-4389-91CE-2AA16CFFE936}"
EndProject
Global
	GlobalSection(SolutionConfigurationPlatforms) = preSolution
		Debug|Any CPU = Debug|Any CPU
		Release|Any CPU = Release|Any CPU
	EndGlobalSection
	GlobalSection(ProjectConfigurationPlatforms) = postSolution
		{793B8035-D921-4389-91CE-2AA16CFFE936}.Debug|Any CPU.ActiveCfg = Debug|Any CPU
		{793B8035-D921-4389-91CE-2AA16CFFE936}.Debug|Any CPU.Build.0 = Debug|Any CPU
		{793B8035-D921-4389-91CE-2AA16CFFE936}.Release|Any CPU.ActiveCfg = Release|Any CPU
		{793B8035-D921-4389-91CE-2AA16CFFE936}.Release|Any CPU.Build.0 = Release|Any CPU
	EndGlobalSection
	GlobalSection(SolutionProperties) = preSolution
		HideSolutionNode = FALSE
	EndGlobalSection
	GlobalSection(ExtensibilityGlobals) = postSolution
		SolutionGuid = {C60252A7-7010-4F14-9A2C-27712FB71971}
	EndGlobalSection
EndGlobal
