
Microsoft Visual Studio Solution File, Format Version 12.00
# Visual Studio Version 16
VisualStudioVersion = 16.0.31402.337
MinimumVisualStudioVersion = 10.0.40219.1
Project("{9A19103F-16F7-4668-BE54-9A1E7A4F7556}") = "ConsoleApp1", "ConsoleApp1\ConsoleApp1.csproj", "{6CFEA485-BB5E-4338-8E0C-432637602242}"
EndProject
Global
	GlobalSection(SolutionConfigurationPlatforms) = preSolution
		Debug|Any CPU = Debug|Any CPU
		Debug|x64 = Debug|x64
		Release|Any CPU = Release|Any CPU
		Release|x64 = Release|x64
	EndGlobalSection
	GlobalSection(ProjectConfigurationPlatforms) = postSolution
		{6CFEA485-BB5E-4338-8E0C-432637602242}.Debug|Any CPU.ActiveCfg = Debug|Any CPU
		{6CFEA485-BB5E-4338-8E0C-432637602242}.Debug|Any CPU.Build.0 = Debug|Any CPU
		{6CFEA485-BB5E-4338-8E0C-432637602242}.Debug|x64.ActiveCfg = Debug|Any CPU
		{6CFEA485-BB5E-4338-8E0C-432637602242}.Release|Any CPU.ActiveCfg = Release|Any CPU
		{6CFEA485-BB5E-4338-8E0C-432637602242}.Release|Any CPU.Build.0 = Release|Any CPU
		{6CFEA485-BB5E-4338-8E0C-432637602242}.Release|x64.ActiveCfg = Release|Any CPU
	EndGlobalSection
	GlobalSection(SolutionProperties) = preSolution
		HideSolutionNode = FALSE
	EndGlobalSection
	GlobalSection(ExtensibilityGlobals) = postSolution
		SolutionGuid = {FD3DC783-8606-4737-8CD8-442CF0FD87E2}
	EndGlobalSection
EndGlobal
