
Microsoft Visual Studio Solution File, Format Version 12.00
# Visual Studio Version 16
VisualStudioVersion = 16.0.31402.337
MinimumVisualStudioVersion = 10.0.40219.1
Project("{FAE04EC0-301F-11D3-BF4B-00C04F79EFBC}") = "ConsoleApp1", "ConsoleApp1\ConsoleApp1.csproj", "{92D91285-D496-43EF-99D8-E1F6C0E1C94A}"
EndProject
Global
	GlobalSection(SolutionConfigurationPlatforms) = preSolution
		Debug|Any CPU = Debug|Any CPU
		Release|Any CPU = Release|Any CPU
	EndGlobalSection
	GlobalSection(ProjectConfigurationPlatforms) = postSolution
		{92D91285-D496-43EF-99D8-E1F6C0E1C94A}.Debug|Any CPU.ActiveCfg = Debug|Any CPU
		{92D91285-D496-43EF-99D8-E1F6C0E1C94A}.Debug|Any CPU.Build.0 = Debug|Any CPU
		{92D91285-D496-43EF-99D8-E1F6C0E1C94A}.Release|Any CPU.ActiveCfg = Release|Any CPU
		{92D91285-D496-43EF-99D8-E1F6C0E1C94A}.Release|Any CPU.Build.0 = Release|Any CPU
	EndGlobalSection
	GlobalSection(SolutionProperties) = preSolution
		HideSolutionNode = FALSE
	EndGlobalSection
	GlobalSection(ExtensibilityGlobals) = postSolution
		SolutionGuid = {14F05F84-3120-462A-9479-AEB8C2B9B90E}
	EndGlobalSection
EndGlobal
