
Microsoft Visual Studio Solution File, Format Version 12.00
# Visual Studio Version 16
VisualStudioVersion = 16.0.31402.337
MinimumVisualStudioVersion = 10.0.40219.1
Project("{FAE04EC0-301F-11D3-BF4B-00C04F79EFBC}") = "WebApplication7", "WebApplication7\WebApplication7.csproj", "{AF0C3122-EB7F-4074-8A97-2EC76B185956}"
EndProject
Project("{FAE04EC0-301F-11D3-BF4B-00C04F79EFBC}") = "MapperGenerator", "MapperGenerator\MapperGenerator.csproj", "{0BA43C4B-838C-4B2C-BC3B-B2B8768545A4}"
EndProject
Global
	GlobalSection(SolutionConfigurationPlatforms) = preSolution
		Debug|Any CPU = Debug|Any CPU
		Release|Any CPU = Release|Any CPU
	EndGlobalSection
	GlobalSection(ProjectConfigurationPlatforms) = postSolution
		{AF0C3122-EB7F-4074-8A97-2EC76B185956}.Debug|Any CPU.ActiveCfg = Debug|Any CPU
		{AF0C3122-EB7F-4074-8A97-2EC76B185956}.Debug|Any CPU.Build.0 = Debug|Any CPU
		{AF0C3122-EB7F-4074-8A97-2EC76B185956}.Release|Any CPU.ActiveCfg = Release|Any CPU
		{AF0C3122-EB7F-4074-8A97-2EC76B185956}.Release|Any CPU.Build.0 = Release|Any CPU
		{0BA43C4B-838C-4B2C-BC3B-B2B8768545A4}.Debug|Any CPU.ActiveCfg = Debug|Any CPU
		{0BA43C4B-838C-4B2C-BC3B-B2B8768545A4}.Debug|Any CPU.Build.0 = Debug|Any CPU
		{0BA43C4B-838C-4B2C-BC3B-B2B8768545A4}.Release|Any CPU.ActiveCfg = Release|Any CPU
		{0BA43C4B-838C-4B2C-BC3B-B2B8768545A4}.Release|Any CPU.Build.0 = Release|Any CPU
	EndGlobalSection
	GlobalSection(SolutionProperties) = preSolution
		HideSolutionNode = FALSE
	EndGlobalSection
	GlobalSection(ExtensibilityGlobals) = postSolution
		SolutionGuid = {DB668EC9-DCD0-4A1F-BDDD-82BD25F38439}
	EndGlobalSection
EndGlobal
