
Microsoft Visual Studio Solution File, Format Version 12.00
# Visual Studio Version 16
VisualStudioVersion = 16.0.31402.337
MinimumVisualStudioVersion = 10.0.40219.1
Project("{FAE04EC0-301F-11D3-BF4B-00C04F79EFBC}") = "SpecFlowProject1", "SpecFlowProject1\SpecFlowProject1.csproj", "{2BCAF0CA-29A3-4B18-84E2-6ABEE2692A2A}"
EndProject
Global
	GlobalSection(SolutionConfigurationPlatforms) = preSolution
		Debug|Any CPU = Debug|Any CPU
		Release|Any CPU = Release|Any CPU
	EndGlobalSection
	GlobalSection(ProjectConfigurationPlatforms) = postSolution
		{2BCAF0CA-29A3-4B18-84E2-6ABEE2692A2A}.Debug|Any CPU.ActiveCfg = Debug|Any CPU
		{2BCAF0CA-29A3-4B18-84E2-6ABEE2692A2A}.Debug|Any CPU.Build.0 = Debug|Any CPU
		{2BCAF0CA-29A3-4B18-84E2-6ABEE2692A2A}.Release|Any CPU.ActiveCfg = Release|Any CPU
		{2BCAF0CA-29A3-4B18-84E2-6ABEE2692A2A}.Release|Any CPU.Build.0 = Release|Any CPU
	EndGlobalSection
	GlobalSection(SolutionProperties) = preSolution
		HideSolutionNode = FALSE
	EndGlobalSection
	GlobalSection(ExtensibilityGlobals) = postSolution
		SolutionGuid = {A8BEDDB0-CEB8-4777-A33C-20C2AB7509CF}
	EndGlobalSection
EndGlobal
